<?xml version="1.0" encoding="utf-8"?>
<Project ToolsVersion="4.0" xmlns="http://schemas.microsoft.com/developer/msbuild/2003">
  <ItemGroup>
    <Filter Include="Source Files">
      <UniqueIdentifier>{4FC737F1-C7A5-4376-A066-2A32D752A2FF}</UniqueIdentifier>
      <Extensions>cpp;c;cc;cxx;c++;cppm;ixx;def;odl;idl;hpj;bat;asm;asmx</Extensions>
    </Filter>
    <Filter Include="Header Files">
      <UniqueIdentifier>{93995380-89BD-4b04-88EB-625FBE52EBFB}</UniqueIdentifier>
      <Extensions>h;hh;hpp;hxx;h++;hm;inl;inc;ipp;xsd</Extensions>
    </Filter>
    <Filter Include="Resource Files">
      <UniqueIdentifier>{67DA6AB6-F800-4c08-8B7A-83BB121AAD01}</UniqueIdentifier>
      <Extensions>rc;ico;cur;bmp;dlg;rc2;rct;bin;rgs;gif;jpg;jpeg;jpe;resx;tiff;tif;png;wav;mfcribbon-ms</Extensions>
    </Filter>
    <Filter Include="Header Files\GameAssets">
      <UniqueIdentifier>{6305fc74-ffb3-4713-b998-e1fe0cb24999}</UniqueIdentifier>
    </Filter>
    <Filter Include="Header Files\Engine">
      <UniqueIdentifier>{1036a808-55dc-4c1c-93f5-314c0f0ec6c6}</UniqueIdentifier>
    </Filter>
    <Filter Include="Header Files\GameAssets\EntityComponentSystem">
      <UniqueIdentifier>{adfd5179-6b3c-406e-9212-c5041a5c1201}</UniqueIdentifier>
    </Filter>
    <Filter Include="Header Files\GameAssets\MessageSystem">
      <UniqueIdentifier>{9b95f345-4350-4456-be2e-8ab3905e4ac7}</UniqueIdentifier>
    </Filter>
    <Filter Include="Header Files\Engine\miscellaneous">
      <UniqueIdentifier>{f37bb7ee-8578-43b2-ab8c-dbd8f5589cdf}</UniqueIdentifier>
    </Filter>
  </ItemGroup>
  <ItemGroup>
    <ClCompile Include="src\Juego1D_FerCalderon_2022.cpp">
      <Filter>Source Files</Filter>
    </ClCompile>
    <ClCompile Include="src\Engine\ManagersEngine\RenderManager.cpp">
      <Filter>Source Files</Filter>
    </ClCompile>
    <ClCompile Include="src\GameAssets\MessageSystem\MyMessageSystem.cpp">
      <Filter>Source Files</Filter>
    </ClCompile>
    <ClCompile Include="src\GameAssets\EntityComponentSystem\Components.cpp">
      <Filter>Source Files</Filter>
    </ClCompile>
    <ClCompile Include="src\GameAssets\EntityComponentSystem\EntityAndComponent.cpp">
      <Filter>Source Files</Filter>
    </ClCompile>
    <ClCompile Include="src\Engine\ManagersEngine\TimerManager.cpp">
      <Filter>Source Files</Filter>
    </ClCompile>
    <ClCompile Include="src\Engine\ManagersEngine\LogicManager.cpp">
      <Filter>Source Files</Filter>
    </ClCompile>
    <ClCompile Include="src\GameAssets\PlayerScripts\PlayerEntity.cpp">
      <Filter>Source Files</Filter>
    </ClCompile>
    <ClCompile Include="src\GameAssets\EnemyScripts\EnemyEntity.cpp">
      <Filter>Source Files</Filter>
    </ClCompile>
    <ClCompile Include="src\GameAssets\PlayerScripts\Bullet.cpp">
      <Filter>Source Files</Filter>
    </ClCompile>
    <ClCompile Include="src\Engine\ManagersEngine\InputManager.cpp">
      <Filter>Source Files</Filter>
    </ClCompile>
  </ItemGroup>
  <ItemGroup>
    <ClInclude Include="src\Engine\ManagersEngine\ISingleton.h">
      <Filter>Header Files</Filter>
    </ClInclude>
    <ClInclude Include="src\Engine\ManagersEngine\TimerManager.h">
      <Filter>Header Files\Engine</Filter>
    </ClInclude>
    <ClInclude Include="src\Engine\ManagersEngine\RenderManager.h">
      <Filter>Header Files\Engine</Filter>
    </ClInclude>
    <ClInclude Include="src\GameAssets\EntityComponentSystem\EntityAndComponent.h">
      <Filter>Header Files\GameAssets\EntityComponentSystem</Filter>
    </ClInclude>
    <ClInclude Include="src\GameAssets\EntityComponentSystem\Components.h">
      <Filter>Header Files\GameAssets\EntityComponentSystem</Filter>
    </ClInclude>
    <ClInclude Include="src\GameAssets\MessageSystem\MyMessageSystem.h">
      <Filter>Header Files\GameAssets\MessageSystem</Filter>
    </ClInclude>
    <ClInclude Include="src\Engine\miscellaneous\vector2d.h">
      <Filter>Header Files</Filter>
    </ClInclude>
    <ClInclude Include="src\Engine\ManagersEngine\LogicManager.h">
      <Filter>Header Files</Filter>
    </ClInclude>
    <ClInclude Include="src\GameAssets\PlayerScripts\PlayerEntity.h">
      <Filter>Header Files</Filter>
    </ClInclude>
    <ClInclude Include="src\GameAssets\EnemyScripts\EnemyEntity.h">
      <Filter>Header Files</Filter>
    </ClInclude>
    <ClInclude Include="src\Juego1D_FerCalderon_2022.h">
      <Filter>Header Files</Filter>
    </ClInclude>
    <ClInclude Include="src\GameAssets\PlayerScripts\Bullet.h">
      <Filter>Header Files</Filter>
    </ClInclude>
    <ClInclude Include="src\Engine\ManagersEngine\InputManager.h">
      <Filter>Header Files</Filter>
    </ClInclude>
  </ItemGroup>
</Project>